
Microsoft Visual Studio Solution File, Format Version 12.00
# Visual Studio 15
VisualStudioVersion = 15.0.28306.52
MinimumVisualStudioVersion = 10.0.40219.1
Project("{9A19103F-16F7-4668-BE54-9A1E7A4F7556}") = "HomeWorld.Console", "HomeWorld.Console\HomeWorld.Console.csproj", "{72569394-5D8C-43A9-9E66-E75E999A2676}"
EndProject
Global
	GlobalSection(SolutionConfigurationPlatforms) = preSolution
		Debug|Any CPU = Debug|Any CPU
		Release|Any CPU = Release|Any CPU
	EndGlobalSection
	GlobalSection(ProjectConfigurationPlatforms) = postSolution
		{72569394-5D8C-43A9-9E66-E75E999A2676}.Debug|Any CPU.ActiveCfg = Debug|Any CPU
		{72569394-5D8C-43A9-9E66-E75E999A2676}.Debug|Any CPU.Build.0 = Debug|Any CPU
		{72569394-5D8C-43A9-9E66-E75E999A2676}.Release|Any CPU.ActiveCfg = Release|Any CPU
		{72569394-5D8C-43A9-9E66-E75E999A2676}.Release|Any CPU.Build.0 = Release|Any CPU
	EndGlobalSection
	GlobalSection(SolutionProperties) = preSolution
		HideSolutionNode = FALSE
	EndGlobalSection
	GlobalSection(ExtensibilityGlobals) = postSolution
		SolutionGuid = {8C10D5B2-09FA-4E20-836F-9E1D4687F28D}
	EndGlobalSection
EndGlobal
